// !$*UTF8*$!
{
	archiveVersion = 1;
	classes = {
	};
	objectVersion = 51;
	objects = {

/* Begin PBXBuildFile section */
		40117B4D0BB6F591352077F6 /* Pods_Batman.framework in Frameworks */ = {isa = PBXBuildFile; fileRef = BF9A90C66E676F7FBE62EAD2 /* Pods_Batman.framework */; };
		407C592A4015FFED9E3B30B1 /* Pods_Batman_BatmanUITests.framework in Frameworks */ = {isa = PBXBuildFile; fileRef = 3CE7F33C08FE9FECD6EC62BC /* Pods_Batman_BatmanUITests.framework */; };
		4292911A260F5C590062DD4D /* AppDelegate.swift in Sources */ = {isa = PBXBuildFile; fileRef = 42929119260F5C590062DD4D /* AppDelegate.swift */; };
		4292911E260F5C590062DD4D /* AllBatmanMoviesHomeVC.swift in Sources */ = {isa = PBXBuildFile; fileRef = 4292911D260F5C590062DD4D /* AllBatmanMoviesHomeVC.swift */; };
		42929121260F5C590062DD4D /* Main.storyboard in Resources */ = {isa = PBXBuildFile; fileRef = 4292911F260F5C590062DD4D /* Main.storyboard */; };
		42929123260F5C5D0062DD4D /* Assets.xcassets in Resources */ = {isa = PBXBuildFile; fileRef = 42929122260F5C5D0062DD4D /* Assets.xcassets */; };
		42929126260F5C5D0062DD4D /* LaunchScreen.storyboard in Resources */ = {isa = PBXBuildFile; fileRef = 42929124260F5C5D0062DD4D /* LaunchScreen.storyboard */; };
		42929131260F5C5D0062DD4D /* BatmanTests.swift in Sources */ = {isa = PBXBuildFile; fileRef = 42929130260F5C5D0062DD4D /* BatmanTests.swift */; };
		4292913C260F5C5D0062DD4D /* BatmanUITests.swift in Sources */ = {isa = PBXBuildFile; fileRef = 4292913B260F5C5D0062DD4D /* BatmanUITests.swift */; };
		42929160260F639B0062DD4D /* ApiUrls.swift in Sources */ = {isa = PBXBuildFile; fileRef = 4292915F260F639B0062DD4D /* ApiUrls.swift */; };
		42929168260F63B50062DD4D /* AppConstants.swift in Sources */ = {isa = PBXBuildFile; fileRef = 42929167260F63B50062DD4D /* AppConstants.swift */; };
		4292916F260F64C90062DD4D /* HelperFunctions.swift in Sources */ = {isa = PBXBuildFile; fileRef = 4292916E260F64C90062DD4D /* HelperFunctions.swift */; };
		42929177260F64E20062DD4D /* Extentions.swift in Sources */ = {isa = PBXBuildFile; fileRef = 42929176260F64E20062DD4D /* Extentions.swift */; };
		4292917C260F66FA0062DD4D /* ActivityIndicators.swift in Sources */ = {isa = PBXBuildFile; fileRef = 4292917B260F66FA0062DD4D /* ActivityIndicators.swift */; };
		42929196260F74100062DD4D /* AllBatmanMoviesHomeViewCell.swift in Sources */ = {isa = PBXBuildFile; fileRef = 42929195260F74100062DD4D /* AllBatmanMoviesHomeViewCell.swift */; };
		429291A2260FA5770062DD4D /* BatmanModel.swift in Sources */ = {isa = PBXBuildFile; fileRef = 429291A1260FA5760062DD4D /* BatmanModel.swift */; };
		429291B4260FBA260062DD4D /* CustomImageView.swift in Sources */ = {isa = PBXBuildFile; fileRef = 429291B3260FBA260062DD4D /* CustomImageView.swift */; };
		429291BE2610D4F20062DD4D /* BatmanDetailsVC.swift in Sources */ = {isa = PBXBuildFile; fileRef = 429291BD2610D4F20062DD4D /* BatmanDetailsVC.swift */; };
		67BBBDEE97083E0509A8ED40 /* Pods_BatmanTests.framework in Frameworks */ = {isa = PBXBuildFile; fileRef = 692EC6B7BA2A34257E9B2BC8 /* Pods_BatmanTests.framework */; };
/* End PBXBuildFile section */

/* Begin PBXContainerItemProxy section */
		4292912D260F5C5D0062DD4D /* PBXContainerItemProxy */ = {
			isa = PBXContainerItemProxy;
			containerPortal = 4292910E260F5C580062DD4D /* Project object */;
			proxyType = 1;
			remoteGlobalIDString = 42929115260F5C580062DD4D;
			remoteInfo = Batman;
		};
		42929138260F5C5D0062DD4D /* PBXContainerItemProxy */ = {
			isa = PBXContainerItemProxy;
			containerPortal = 4292910E260F5C580062DD4D /* Project object */;
			proxyType = 1;
			remoteGlobalIDString = 42929115260F5C580062DD4D;
			remoteInfo = Batman;
		};
/* End PBXContainerItemProxy section */

/* Begin PBXFileReference section */
		054D0F35A8D97F329DA5BCC4 /* Pods-Batman-BatmanUITests.debug.xcconfig */ = {isa = PBXFileReference; includeInIndex = 1; lastKnownFileType = text.xcconfig; name = "Pods-Batman-BatmanUITests.debug.xcconfig"; path = "Target Support Files/Pods-Batman-BatmanUITests/Pods-Batman-BatmanUITests.debug.xcconfig"; sourceTree = "<group>"; };
		3CE7F33C08FE9FECD6EC62BC /* Pods_Batman_BatmanUITests.framework */ = {isa = PBXFileReference; explicitFileType = wrapper.framework; includeInIndex = 0; path = Pods_Batman_BatmanUITests.framework; sourceTree = BUILT_PRODUCTS_DIR; };
		42929116260F5C590062DD4D /* Batman.app */ = {isa = PBXFileReference; explicitFileType = wrapper.application; includeInIndex = 0; path = Batman.app; sourceTree = BUILT_PRODUCTS_DIR; };
		42929119260F5C590062DD4D /* AppDelegate.swift */ = {isa = PBXFileReference; lastKnownFileType = sourcecode.swift; path = AppDelegate.swift; sourceTree = "<group>"; };
		4292911D260F5C590062DD4D /* AllBatmanMoviesHomeVC.swift */ = {isa = PBXFileReference; lastKnownFileType = sourcecode.swift; path = AllBatmanMoviesHomeVC.swift; sourceTree = "<group>"; };
		42929120260F5C590062DD4D /* Base */ = {isa = PBXFileReference; lastKnownFileType = file.storyboard; name = Base; path = Base.lproj/Main.storyboard; sourceTree = "<group>"; };
		42929122260F5C5D0062DD4D /* Assets.xcassets */ = {isa = PBXFileReference; lastKnownFileType = folder.assetcatalog; path = Assets.xcassets; sourceTree = "<group>"; };
		42929125260F5C5D0062DD4D /* Base */ = {isa = PBXFileReference; lastKnownFileType = file.storyboard; name = Base; path = Base.lproj/LaunchScreen.storyboard; sourceTree = "<group>"; };
		42929127260F5C5D0062DD4D /* Info.plist */ = {isa = PBXFileReference; lastKnownFileType = text.plist.xml; path = Info.plist; sourceTree = "<group>"; };
		4292912C260F5C5D0062DD4D /* BatmanTests.xctest */ = {isa = PBXFileReference; explicitFileType = wrapper.cfbundle; includeInIndex = 0; path = BatmanTests.xctest; sourceTree = BUILT_PRODUCTS_DIR; };
		42929130260F5C5D0062DD4D /* BatmanTests.swift */ = {isa = PBXFileReference; lastKnownFileType = sourcecode.swift; path = BatmanTests.swift; sourceTree = "<group>"; };
		42929132260F5C5D0062DD4D /* Info.plist */ = {isa = PBXFileReference; lastKnownFileType = text.plist.xml; path = Info.plist; sourceTree = "<group>"; };
		42929137260F5C5D0062DD4D /* BatmanUITests.xctest */ = {isa = PBXFileReference; explicitFileType = wrapper.cfbundle; includeInIndex = 0; path = BatmanUITests.xctest; sourceTree = BUILT_PRODUCTS_DIR; };
		4292913B260F5C5D0062DD4D /* BatmanUITests.swift */ = {isa = PBXFileReference; lastKnownFileType = sourcecode.swift; path = BatmanUITests.swift; sourceTree = "<group>"; };
		4292913D260F5C5D0062DD4D /* Info.plist */ = {isa = PBXFileReference; lastKnownFileType = text.plist.xml; path = Info.plist; sourceTree = "<group>"; };
		4292915F260F639B0062DD4D /* ApiUrls.swift */ = {isa = PBXFileReference; lastKnownFileType = sourcecode.swift; path = ApiUrls.swift; sourceTree = "<group>"; };
		42929167260F63B50062DD4D /* AppConstants.swift */ = {isa = PBXFileReference; lastKnownFileType = sourcecode.swift; path = AppConstants.swift; sourceTree = "<group>"; };
		4292916E260F64C90062DD4D /* HelperFunctions.swift */ = {isa = PBXFileReference; lastKnownFileType = sourcecode.swift; path = HelperFunctions.swift; sourceTree = "<group>"; };
		42929176260F64E20062DD4D /* Extentions.swift */ = {isa = PBXFileReference; lastKnownFileType = sourcecode.swift; path = Extentions.swift; sourceTree = "<group>"; };
		4292917B260F66FA0062DD4D /* ActivityIndicators.swift */ = {isa = PBXFileReference; lastKnownFileType = sourcecode.swift; path = ActivityIndicators.swift; sourceTree = "<group>"; };
		42929195260F74100062DD4D /* AllBatmanMoviesHomeViewCell.swift */ = {isa = PBXFileReference; lastKnownFileType = sourcecode.swift; path = AllBatmanMoviesHomeViewCell.swift; sourceTree = "<group>"; };
		429291A1260FA5760062DD4D /* BatmanModel.swift */ = {isa = PBXFileReference; lastKnownFileType = sourcecode.swift; path = BatmanModel.swift; sourceTree = "<group>"; };
		429291B3260FBA260062DD4D /* CustomImageView.swift */ = {isa = PBXFileReference; lastKnownFileType = sourcecode.swift; path = CustomImageView.swift; sourceTree = "<group>"; };
		429291BD2610D4F20062DD4D /* BatmanDetailsVC.swift */ = {isa = PBXFileReference; lastKnownFileType = sourcecode.swift; path = BatmanDetailsVC.swift; sourceTree = "<group>"; };
		5A0FA30DF36BE10E56105C87 /* Pods-Batman-BatmanUITests.release.xcconfig */ = {isa = PBXFileReference; includeInIndex = 1; lastKnownFileType = text.xcconfig; name = "Pods-Batman-BatmanUITests.release.xcconfig"; path = "Target Support Files/Pods-Batman-BatmanUITests/Pods-Batman-BatmanUITests.release.xcconfig"; sourceTree = "<group>"; };
		6167DBDAFC709E20356A1CEF /* Pods-BatmanTests.release.xcconfig */ = {isa = PBXFileReference; includeInIndex = 1; lastKnownFileType = text.xcconfig; name = "Pods-BatmanTests.release.xcconfig"; path = "Target Support Files/Pods-BatmanTests/Pods-BatmanTests.release.xcconfig"; sourceTree = "<group>"; };
		62370312E227E6F3539D3110 /* Pods-Batman.debug.xcconfig */ = {isa = PBXFileReference; includeInIndex = 1; lastKnownFileType = text.xcconfig; name = "Pods-Batman.debug.xcconfig"; path = "Target Support Files/Pods-Batman/Pods-Batman.debug.xcconfig"; sourceTree = "<group>"; };
		692EC6B7BA2A34257E9B2BC8 /* Pods_BatmanTests.framework */ = {isa = PBXFileReference; explicitFileType = wrapper.framework; includeInIndex = 0; path = Pods_BatmanTests.framework; sourceTree = BUILT_PRODUCTS_DIR; };
		BF9A90C66E676F7FBE62EAD2 /* Pods_Batman.framework */ = {isa = PBXFileReference; explicitFileType = wrapper.framework; includeInIndex = 0; path = Pods_Batman.framework; sourceTree = BUILT_PRODUCTS_DIR; };
		FB83201826B2F014773BBEA7 /* Pods-BatmanTests.debug.xcconfig */ = {isa = PBXFileReference; includeInIndex = 1; lastKnownFileType = text.xcconfig; name = "Pods-BatmanTests.debug.xcconfig"; path = "Target Support Files/Pods-BatmanTests/Pods-BatmanTests.debug.xcconfig"; sourceTree = "<group>"; };
		FE05A8631F978CBC22FA2F83 /* Pods-Batman.release.xcconfig */ = {isa = PBXFileReference; includeInIndex = 1; lastKnownFileType = text.xcconfig; name = "Pods-Batman.release.xcconfig"; path = "Target Support Files/Pods-Batman/Pods-Batman.release.xcconfig"; sourceTree = "<group>"; };
/* End PBXFileReference section */

/* Begin PBXFrameworksBuildPhase section */
		42929113260F5C580062DD4D /* Frameworks */ = {
			isa = PBXFrameworksBuildPhase;
			buildActionMask = 2147483647;
			files = (
				40117B4D0BB6F591352077F6 /* Pods_Batman.framework in Frameworks */,
			);
			runOnlyForDeploymentPostprocessing = 0;
		};
		42929129260F5C5D0062DD4D /* Frameworks */ = {
			isa = PBXFrameworksBuildPhase;
			buildActionMask = 2147483647;
			files = (
				67BBBDEE97083E0509A8ED40 /* Pods_BatmanTests.framework in Frameworks */,
			);
			runOnlyForDeploymentPostprocessing = 0;
		};
		42929134260F5C5D0062DD4D /* Frameworks */ = {
			isa = PBXFrameworksBuildPhase;
			buildActionMask = 2147483647;
			files = (
				407C592A4015FFED9E3B30B1 /* Pods_Batman_BatmanUITests.framework in Frameworks */,
			);
			runOnlyForDeploymentPostprocessing = 0;
		};
/* End PBXFrameworksBuildPhase section */

/* Begin PBXGroup section */
		4292910D260F5C580062DD4D = {
			isa = PBXGroup;
			children = (
				42929118260F5C590062DD4D /* Batman */,
				4292912F260F5C5D0062DD4D /* BatmanTests */,
				4292913A260F5C5D0062DD4D /* BatmanUITests */,
				42929117260F5C590062DD4D /* Products */,
				FB4726DBAAB4EEBAD7012244 /* Pods */,
				BAD120374B8B97C73E01A0B9 /* Frameworks */,
			);
			sourceTree = "<group>";
		};
		42929117260F5C590062DD4D /* Products */ = {
			isa = PBXGroup;
			children = (
				42929116260F5C590062DD4D /* Batman.app */,
				4292912C260F5C5D0062DD4D /* BatmanTests.xctest */,
				42929137260F5C5D0062DD4D /* BatmanUITests.xctest */,
			);
			name = Products;
			sourceTree = "<group>";
		};
		42929118260F5C590062DD4D /* Batman */ = {
			isa = PBXGroup;
			children = (
				42929119260F5C590062DD4D /* AppDelegate.swift */,
				429291B82610D49A0062DD4D /* Controllers */,
				429291A0260FA5350062DD4D /* Model */,
				4292915D260F630C0062DD4D /* Uitilies */,
				4292911F260F5C590062DD4D /* Main.storyboard */,
				42929122260F5C5D0062DD4D /* Assets.xcassets */,
				42929124260F5C5D0062DD4D /* LaunchScreen.storyboard */,
				42929127260F5C5D0062DD4D /* Info.plist */,
			);
			path = Batman;
			sourceTree = "<group>";
		};
		4292912F260F5C5D0062DD4D /* BatmanTests */ = {
			isa = PBXGroup;
			children = (
				42929130260F5C5D0062DD4D /* BatmanTests.swift */,
				42929132260F5C5D0062DD4D /* Info.plist */,
			);
			path = BatmanTests;
			sourceTree = "<group>";
		};
		4292913A260F5C5D0062DD4D /* BatmanUITests */ = {
			isa = PBXGroup;
			children = (
				4292913B260F5C5D0062DD4D /* BatmanUITests.swift */,
				4292913D260F5C5D0062DD4D /* Info.plist */,
			);
			path = BatmanUITests;
			sourceTree = "<group>";
		};
		4292915D260F630C0062DD4D /* Uitilies */ = {
			isa = PBXGroup;
			children = (
				4292916D260F64A40062DD4D /* Extentions */,
				4292916C260F64940062DD4D /* HelperFunctions */,
				4292915E260F63380062DD4D /* Constants */,
			);
			path = Uitilies;
			sourceTree = "<group>";
		};
		4292915E260F63380062DD4D /* Constants */ = {
			isa = PBXGroup;
			children = (
				4292915F260F639B0062DD4D /* ApiUrls.swift */,
				42929167260F63B50062DD4D /* AppConstants.swift */,
			);
			path = Constants;
			sourceTree = "<group>";
		};
		4292916C260F64940062DD4D /* HelperFunctions */ = {
			isa = PBXGroup;
			children = (
				4292916E260F64C90062DD4D /* HelperFunctions.swift */,
				4292917B260F66FA0062DD4D /* ActivityIndicators.swift */,
				429291B3260FBA260062DD4D /* CustomImageView.swift */,
			);
			path = HelperFunctions;
			sourceTree = "<group>";
		};
		4292916D260F64A40062DD4D /* Extentions */ = {
			isa = PBXGroup;
			children = (
				42929176260F64E20062DD4D /* Extentions.swift */,
			);
			path = Extentions;
			sourceTree = "<group>";
		};
		42929194260F73D60062DD4D /* Home */ = {
			isa = PBXGroup;
			children = (
				42929195260F74100062DD4D /* AllBatmanMoviesHomeViewCell.swift */,
				4292911D260F5C590062DD4D /* AllBatmanMoviesHomeVC.swift */,
			);
			path = Home;
			sourceTree = "<group>";
		};
		429291A0260FA5350062DD4D /* Model */ = {
			isa = PBXGroup;
			children = (
				429291A1260FA5760062DD4D /* BatmanModel.swift */,
			);
			path = Model;
			sourceTree = "<group>";
		};
		429291B82610D49A0062DD4D /* Controllers */ = {
			isa = PBXGroup;
			children = (
				429291BC2610D4AB0062DD4D /* BatmanDetailscreen */,
				42929194260F73D60062DD4D /* Home */,
			);
			path = Controllers;
			sourceTree = "<group>";
		};
		429291BC2610D4AB0062DD4D /* BatmanDetailscreen */ = {
			isa = PBXGroup;
			children = (
				429291BD2610D4F20062DD4D /* BatmanDetailsVC.swift */,
			);
			path = BatmanDetailscreen;
			sourceTree = "<group>";
		};
		BAD120374B8B97C73E01A0B9 /* Frameworks */ = {
			isa = PBXGroup;
			children = (
				BF9A90C66E676F7FBE62EAD2 /* Pods_Batman.framework */,
				3CE7F33C08FE9FECD6EC62BC /* Pods_Batman_BatmanUITests.framework */,
				692EC6B7BA2A34257E9B2BC8 /* Pods_BatmanTests.framework */,
			);
			name = Frameworks;
			sourceTree = "<group>";
		};
		FB4726DBAAB4EEBAD7012244 /* Pods */ = {
			isa = PBXGroup;
			children = (
				62370312E227E6F3539D3110 /* Pods-Batman.debug.xcconfig */,
				FE05A8631F978CBC22FA2F83 /* Pods-Batman.release.xcconfig */,
				054D0F35A8D97F329DA5BCC4 /* Pods-Batman-BatmanUITests.debug.xcconfig */,
				5A0FA30DF36BE10E56105C87 /* Pods-Batman-BatmanUITests.release.xcconfig */,
				FB83201826B2F014773BBEA7 /* Pods-BatmanTests.debug.xcconfig */,
				6167DBDAFC709E20356A1CEF /* Pods-BatmanTests.release.xcconfig */,
			);
			path = Pods;
			sourceTree = "<group>";
		};
/* End PBXGroup section */

/* Begin PBXNativeTarget section */
		42929115260F5C580062DD4D /* Batman */ = {
			isa = PBXNativeTarget;
			buildConfigurationList = 42929140260F5C5D0062DD4D /* Build configuration list for PBXNativeTarget "Batman" */;
			buildPhases = (
				74C53DB531A5DBDFE5A58C93 /* [CP] Check Pods Manifest.lock */,
				42929112260F5C580062DD4D /* Sources */,
				42929113260F5C580062DD4D /* Frameworks */,
				42929114260F5C580062DD4D /* Resources */,
				42B5830A58265AE5E63C8826 /* [CP] Embed Pods Frameworks */,
			);
			buildRules = (
			);
			dependencies = (
			);
			name = Batman;
			productName = Batman;
			productReference = 42929116260F5C590062DD4D /* Batman.app */;
			productType = "com.apple.product-type.application";
		};
		4292912B260F5C5D0062DD4D /* BatmanTests */ = {
			isa = PBXNativeTarget;
			buildConfigurationList = 42929143260F5C5D0062DD4D /* Build configuration list for PBXNativeTarget "BatmanTests" */;
			buildPhases = (
				9F72327E0B4BCACFD22826D8 /* [CP] Check Pods Manifest.lock */,
				42929128260F5C5D0062DD4D /* Sources */,
				42929129260F5C5D0062DD4D /* Frameworks */,
				4292912A260F5C5D0062DD4D /* Resources */,
			);
			buildRules = (
			);
			dependencies = (
				4292912E260F5C5D0062DD4D /* PBXTargetDependency */,
			);
			name = BatmanTests;
			productName = BatmanTests;
			productReference = 4292912C260F5C5D0062DD4D /* BatmanTests.xctest */;
			productType = "com.apple.product-type.bundle.unit-test";
		};
		42929136260F5C5D0062DD4D /* BatmanUITests */ = {
			isa = PBXNativeTarget;
			buildConfigurationList = 42929146260F5C5D0062DD4D /* Build configuration list for PBXNativeTarget "BatmanUITests" */;
			buildPhases = (
				7C0D77E9B9C3FA5F8A2A8C2C /* [CP] Check Pods Manifest.lock */,
				42929133260F5C5D0062DD4D /* Sources */,
				42929134260F5C5D0062DD4D /* Frameworks */,
				42929135260F5C5D0062DD4D /* Resources */,
				7DC0F057BDDAF26AF12EBFCC /* [CP] Embed Pods Frameworks */,
			);
			buildRules = (
			);
			dependencies = (
				42929139260F5C5D0062DD4D /* PBXTargetDependency */,
			);
			name = BatmanUITests;
			productName = BatmanUITests;
			productReference = 42929137260F5C5D0062DD4D /* BatmanUITests.xctest */;
			productType = "com.apple.product-type.bundle.ui-testing";
		};
/* End PBXNativeTarget section */

/* Begin PBXProject section */
		4292910E260F5C580062DD4D /* Project object */ = {
			isa = PBXProject;
			attributes = {
				LastSwiftUpdateCheck = 1240;
				LastUpgradeCheck = 1240;
				TargetAttributes = {
					42929115260F5C580062DD4D = {
						CreatedOnToolsVersion = 12.4;
					};
					4292912B260F5C5D0062DD4D = {
						CreatedOnToolsVersion = 12.4;
						TestTargetID = 42929115260F5C580062DD4D;
					};
					42929136260F5C5D0062DD4D = {
						CreatedOnToolsVersion = 12.4;
						TestTargetID = 42929115260F5C580062DD4D;
					};
				};
			};
			buildConfigurationList = 42929111260F5C580062DD4D /* Build configuration list for PBXProject "Batman" */;
			compatibilityVersion = "Xcode 9.3";
			developmentRegion = en;
			hasScannedForEncodings = 0;
			knownRegions = (
				en,
				Base,
			);
			mainGroup = 4292910D260F5C580062DD4D;
			productRefGroup = 42929117260F5C590062DD4D /* Products */;
			projectDirPath = "";
			projectRoot = "";
			targets = (
				42929115260F5C580062DD4D /* Batman */,
				4292912B260F5C5D0062DD4D /* BatmanTests */,
				42929136260F5C5D0062DD4D /* BatmanUITests */,
			);
		};
/* End PBXProject section */

/* Begin PBXResourcesBuildPhase section */
		42929114260F5C580062DD4D /* Resources */ = {
			isa = PBXResourcesBuildPhase;
			buildActionMask = 2147483647;
			files = (
				42929126260F5C5D0062DD4D /* LaunchScreen.storyboard in Resources */,
				42929123260F5C5D0062DD4D /* Assets.xcassets in Resources */,
				42929121260F5C590062DD4D /* Main.storyboard in Resources */,
			);
			runOnlyForDeploymentPostprocessing = 0;
		};
		4292912A260F5C5D0062DD4D /* Resources */ = {
			isa = PBXResourcesBuildPhase;
			buildActionMask = 2147483647;
			files = (
			);
			runOnlyForDeploymentPostprocessing = 0;
		};
		42929135260F5C5D0062DD4D /* Resources */ = {
			isa = PBXResourcesBuildPhase;
			buildActionMask = 2147483647;
			files = (
			);
			runOnlyForDeploymentPostprocessing = 0;
		};
/* End PBXResourcesBuildPhase section */

/* Begin PBXShellScriptBuildPhase section */
		42B5830A58265AE5E63C8826 /* [CP] Embed Pods Frameworks */ = {
			isa = PBXShellScriptBuildPhase;
			buildActionMask = 2147483647;
			files = (
			);
			inputFileListPaths = (
				"${PODS_ROOT}/Target Support Files/Pods-Batman/Pods-Batman-frameworks-${CONFIGURATION}-input-files.xcfilelist",
			);
			name = "[CP] Embed Pods Frameworks";
			outputFileListPaths = (
				"${PODS_ROOT}/Target Support Files/Pods-Batman/Pods-Batman-frameworks-${CONFIGURATION}-output-files.xcfilelist",
			);
			runOnlyForDeploymentPostprocessing = 0;
			shellPath = /bin/sh;
			shellScript = "\"${PODS_ROOT}/Target Support Files/Pods-Batman/Pods-Batman-frameworks.sh\"\n";
			showEnvVarsInLog = 0;
		};
		74C53DB531A5DBDFE5A58C93 /* [CP] Check Pods Manifest.lock */ = {
			isa = PBXShellScriptBuildPhase;
			buildActionMask = 2147483647;
			files = (
			);
			inputFileListPaths = (
			);
			inputPaths = (
				"${PODS_PODFILE_DIR_PATH}/Podfile.lock",
				"${PODS_ROOT}/Manifest.lock",
			);
			name = "[CP] Check Pods Manifest.lock";
			outputFileListPaths = (
			);
			outputPaths = (
				"$(DERIVED_FILE_DIR)/Pods-Batman-checkManifestLockResult.txt",
			);
			runOnlyForDeploymentPostprocessing = 0;
			shellPath = /bin/sh;
			shellScript = "diff \"${PODS_PODFILE_DIR_PATH}/Podfile.lock\" \"${PODS_ROOT}/Manifest.lock\" > /dev/null\nif [ $? != 0 ] ; then\n    # print error to STDERR\n    echo \"error: The sandbox is not in sync with the Podfile.lock. Run 'pod install' or update your CocoaPods installation.\" >&2\n    exit 1\nfi\n# This output is used by Xcode 'outputs' to avoid re-running this script phase.\necho \"SUCCESS\" > \"${SCRIPT_OUTPUT_FILE_0}\"\n";
			showEnvVarsInLog = 0;
		};
		7C0D77E9B9C3FA5F8A2A8C2C /* [CP] Check Pods Manifest.lock */ = {
			isa = PBXShellScriptBuildPhase;
			buildActionMask = 2147483647;
			files = (
			);
			inputFileListPaths = (
			);
			inputPaths = (
				"${PODS_PODFILE_DIR_PATH}/Podfile.lock",
				"${PODS_ROOT}/Manifest.lock",
			);
			name = "[CP] Check Pods Manifest.lock";
			outputFileListPaths = (
			);
			outputPaths = (
				"$(DERIVED_FILE_DIR)/Pods-Batman-BatmanUITests-checkManifestLockResult.txt",
			);
			runOnlyForDeploymentPostprocessing = 0;
			shellPath = /bin/sh;
			shellScript = "diff \"${PODS_PODFILE_DIR_PATH}/Podfile.lock\" \"${PODS_ROOT}/Manifest.lock\" > /dev/null\nif [ $? != 0 ] ; then\n    # print error to STDERR\n    echo \"error: The sandbox is not in sync with the Podfile.lock. Run 'pod install' or update your CocoaPods installation.\" >&2\n    exit 1\nfi\n# This output is used by Xcode 'outputs' to avoid re-running this script phase.\necho \"SUCCESS\" > \"${SCRIPT_OUTPUT_FILE_0}\"\n";
			showEnvVarsInLog = 0;
		};
		7DC0F057BDDAF26AF12EBFCC /* [CP] Embed Pods Frameworks */ = {
			isa = PBXShellScriptBuildPhase;
			buildActionMask = 2147483647;
			files = (
			);
			inputFileListPaths = (
				"${PODS_ROOT}/Target Support Files/Pods-Batman-BatmanUITests/Pods-Batman-BatmanUITests-frameworks-${CONFIGURATION}-input-files.xcfilelist",
			);
			name = "[CP] Embed Pods Frameworks";
			outputFileListPaths = (
				"${PODS_ROOT}/Target Support Files/Pods-Batman-BatmanUITests/Pods-Batman-BatmanUITests-frameworks-${CONFIGURATION}-output-files.xcfilelist",
			);
			runOnlyForDeploymentPostprocessing = 0;
			shellPath = /bin/sh;
			shellScript = "\"${PODS_ROOT}/Target Support Files/Pods-Batman-BatmanUITests/Pods-Batman-BatmanUITests-frameworks.sh\"\n";
			showEnvVarsInLog = 0;
		};
		9F72327E0B4BCACFD22826D8 /* [CP] Check Pods Manifest.lock */ = {
			isa = PBXShellScriptBuildPhase;
			buildActionMask = 2147483647;
			files = (
			);
			inputFileListPaths = (
			);
			inputPaths = (
				"${PODS_PODFILE_DIR_PATH}/Podfile.lock",
				"${PODS_ROOT}/Manifest.lock",
			);
			name = "[CP] Check Pods Manifest.lock";
			outputFileListPaths = (
			);
			outputPaths = (
				"$(DERIVED_FILE_DIR)/Pods-BatmanTests-checkManifestLockResult.txt",
			);
			runOnlyForDeploymentPostprocessing = 0;
			shellPath = /bin/sh;
			shellScript = "diff \"${PODS_PODFILE_DIR_PATH}/Podfile.lock\" \"${PODS_ROOT}/Manifest.lock\" > /dev/null\nif [ $? != 0 ] ; then\n    # print error to STDERR\n    echo \"error: The sandbox is not in sync with the Podfile.lock. Run 'pod install' or update your CocoaPods installation.\" >&2\n    exit 1\nfi\n# This output is used by Xcode 'outputs' to avoid re-running this script phase.\necho \"SUCCESS\" > \"${SCRIPT_OUTPUT_FILE_0}\"\n";
			showEnvVarsInLog = 0;
		};
/* End PBXShellScriptBuildPhase section */

/* Begin PBXSourcesBuildPhase section */
		42929112260F5C580062DD4D /* Sources */ = {
			isa = PBXSourcesBuildPhase;
			buildActionMask = 2147483647;
			files = (
				4292917C260F66FA0062DD4D /* ActivityIndicators.swift in Sources */,
				42929160260F639B0062DD4D /* ApiUrls.swift in Sources */,
				429291BE2610D4F20062DD4D /* BatmanDetailsVC.swift in Sources */,
				429291A2260FA5770062DD4D /* BatmanModel.swift in Sources */,
				4292911E260F5C590062DD4D /* AllBatmanMoviesHomeVC.swift in Sources */,
				42929196260F74100062DD4D /* AllBatmanMoviesHomeViewCell.swift in Sources */,
				4292911A260F5C590062DD4D /* AppDelegate.swift in Sources */,
				429291B4260FBA260062DD4D /* CustomImageView.swift in Sources */,
				42929168260F63B50062DD4D /* AppConstants.swift in Sources */,
				4292916F260F64C90062DD4D /* HelperFunctions.swift in Sources */,
				42929177260F64E20062DD4D /* Extentions.swift in Sources */,
			);
			runOnlyForDeploymentPostprocessing = 0;
		};
		42929128260F5C5D0062DD4D /* Sources */ = {
			isa = PBXSourcesBuildPhase;
			buildActionMask = 2147483647;
			files = (
				42929131260F5C5D0062DD4D /* BatmanTests.swift in Sources */,
			);
			runOnlyForDeploymentPostprocessing = 0;
		};
		42929133260F5C5D0062DD4D /* Sources */ = {
			isa = PBXSourcesBuildPhase;
			buildActionMask = 2147483647;
			files = (
				4292913C260F5C5D0062DD4D /* BatmanUITests.swift in Sources */,
			);
			runOnlyForDeploymentPostprocessing = 0;
		};
/* End PBXSourcesBuildPhase section */

/* Begin PBXTargetDependency section */
		4292912E260F5C5D0062DD4D /* PBXTargetDependency */ = {
			isa = PBXTargetDependency;
			target = 42929115260F5C580062DD4D /* Batman */;
			targetProxy = 4292912D260F5C5D0062DD4D /* PBXContainerItemProxy */;
		};
		42929139260F5C5D0062DD4D /* PBXTargetDependency */ = {
			isa = PBXTargetDependency;
			target = 42929115260F5C580062DD4D /* Batman */;
			targetProxy = 42929138260F5C5D0062DD4D /* PBXContainerItemProxy */;
		};
/* End PBXTargetDependency section */

/* Begin PBXVariantGroup section */
		4292911F260F5C590062DD4D /* Main.storyboard */ = {
			isa = PBXVariantGroup;
			children = (
				42929120260F5C590062DD4D /* Base */,
			);
			name = Main.storyboard;
			sourceTree = "<group>";
		};
		42929124260F5C5D0062DD4D /* LaunchScreen.storyboard */ = {
			isa = PBXVariantGroup;
			children = (
				42929125260F5C5D0062DD4D /* Base */,
			);
			name = LaunchScreen.storyboard;
			sourceTree = "<group>";
		};
/* End PBXVariantGroup section */

/* Begin XCBuildConfiguration section */
		4292913E260F5C5D0062DD4D /* Debug */ = {
			isa = XCBuildConfiguration;
			buildSettings = {
				ALWAYS_SEARCH_USER_PATHS = NO;
				CLANG_ANALYZER_NONNULL = YES;
				CLANG_ANALYZER_NUMBER_OBJECT_CONVERSION = YES_AGGRESSIVE;
				CLANG_CXX_LANGUAGE_STANDARD = "gnu++14";
				CLANG_CXX_LIBRARY = "libc++";
				CLANG_ENABLE_MODULES = YES;
				CLANG_ENABLE_OBJC_ARC = YES;
				CLANG_ENABLE_OBJC_WEAK = YES;
				CLANG_WARN_BLOCK_CAPTURE_AUTORELEASING = YES;
				CLANG_WARN_BOOL_CONVERSION = YES;
				CLANG_WARN_COMMA = YES;
				CLANG_WARN_CONSTANT_CONVERSION = YES;
				CLANG_WARN_DEPRECATED_OBJC_IMPLEMENTATIONS = YES;
				CLANG_WARN_DIRECT_OBJC_ISA_USAGE = YES_ERROR;
				CLANG_WARN_DOCUMENTATION_COMMENTS = YES;
				CLANG_WARN_EMPTY_BODY = YES;
				CLANG_WARN_ENUM_CONVERSION = YES;
				CLANG_WARN_INFINITE_RECURSION = YES;
				CLANG_WARN_INT_CONVERSION = YES;
				CLANG_WARN_NON_LITERAL_NULL_CONVERSION = YES;
				CLANG_WARN_OBJC_IMPLICIT_RETAIN_SELF = YES;
				CLANG_WARN_OBJC_LITERAL_CONVERSION = YES;
				CLANG_WARN_OBJC_ROOT_CLASS = YES_ERROR;
				CLANG_WARN_QUOTED_INCLUDE_IN_FRAMEWORK_HEADER = YES;
				CLANG_WARN_RANGE_LOOP_ANALYSIS = YES;
				CLANG_WARN_STRICT_PROTOTYPES = YES;
				CLANG_WARN_SUSPICIOUS_MOVE = YES;
				CLANG_WARN_UNGUARDED_AVAILABILITY = YES_AGGRESSIVE;
				CLANG_WARN_UNREACHABLE_CODE = YES;
				CLANG_WARN__DUPLICATE_METHOD_MATCH = YES;
				COPY_PHASE_STRIP = NO;
				DEBUG_INFORMATION_FORMAT = dwarf;
				ENABLE_STRICT_OBJC_MSGSEND = YES;
				ENABLE_TESTABILITY = YES;
				GCC_C_LANGUAGE_STANDARD = gnu11;
				GCC_DYNAMIC_NO_PIC = NO;
				GCC_NO_COMMON_BLOCKS = YES;
				GCC_OPTIMIZATION_LEVEL = 0;
				GCC_PREPROCESSOR_DEFINITIONS = (
					"DEBUG=1",
					"$(inherited)",
				);
				GCC_WARN_64_TO_32_BIT_CONVERSION = YES;
				GCC_WARN_ABOUT_RETURN_TYPE = YES_ERROR;
				GCC_WARN_UNDECLARED_SELECTOR = YES;
				GCC_WARN_UNINITIALIZED_AUTOS = YES_AGGRESSIVE;
				GCC_WARN_UNUSED_FUNCTION = YES;
				GCC_WARN_UNUSED_VARIABLE = YES;
				IPHONEOS_DEPLOYMENT_TARGET = 14.4;
				MTL_ENABLE_DEBUG_INFO = INCLUDE_SOURCE;
				MTL_FAST_MATH = YES;
				ONLY_ACTIVE_ARCH = YES;
				SDKROOT = iphoneos;
				SWIFT_ACTIVE_COMPILATION_CONDITIONS = DEBUG;
				SWIFT_OPTIMIZATION_LEVEL = "-Onone";
			};
			name = Debug;
		};
		4292913F260F5C5D0062DD4D /* Release */ = {
			isa = XCBuildConfiguration;
			buildSettings = {
				ALWAYS_SEARCH_USER_PATHS = NO;
				CLANG_ANALYZER_NONNULL = YES;
				CLANG_ANALYZER_NUMBER_OBJECT_CONVERSION = YES_AGGRESSIVE;
				CLANG_CXX_LANGUAGE_STANDARD = "gnu++14";
				CLANG_CXX_LIBRARY = "libc++";
				CLANG_ENABLE_MODULES = YES;
				CLANG_ENABLE_OBJC_ARC = YES;
				CLANG_ENABLE_OBJC_WEAK = YES;
				CLANG_WARN_BLOCK_CAPTURE_AUTORELEASING = YES;
				CLANG_WARN_BOOL_CONVERSION = YES;
				CLANG_WARN_COMMA = YES;
				CLANG_WARN_CONSTANT_CONVERSION = YES;
				CLANG_WARN_DEPRECATED_OBJC_IMPLEMENTATIONS = YES;
				CLANG_WARN_DIRECT_OBJC_ISA_USAGE = YES_ERROR;
				CLANG_WARN_DOCUMENTATION_COMMENTS = YES;
				CLANG_WARN_EMPTY_BODY = YES;
				CLANG_WARN_ENUM_CONVERSION = YES;
				CLANG_WARN_INFINITE_RECURSION = YES;
				CLANG_WARN_INT_CONVERSION = YES;
				CLANG_WARN_NON_LITERAL_NULL_CONVERSION = YES;
				CLANG_WARN_OBJC_IMPLICIT_RETAIN_SELF = YES;
				CLANG_WARN_OBJC_LITERAL_CONVERSION = YES;
				CLANG_WARN_OBJC_ROOT_CLASS = YES_ERROR;
				CLANG_WARN_QUOTED_INCLUDE_IN_FRAMEWORK_HEADER = YES;
				CLANG_WARN_RANGE_LOOP_ANALYSIS = YES;
				CLANG_WARN_STRICT_PROTOTYPES = YES;
				CLANG_WARN_SUSPICIOUS_MOVE = YES;
				CLANG_WARN_UNGUARDED_AVAILABILITY = YES_AGGRESSIVE;
				CLANG_WARN_UNREACHABLE_CODE = YES;
				CLANG_WARN__DUPLICATE_METHOD_MATCH = YES;
				COPY_PHASE_STRIP = NO;
				DEBUG_INFORMATION_FORMAT = "dwarf-with-dsym";
				ENABLE_NS_ASSERTIONS = NO;
				ENABLE_STRICT_OBJC_MSGSEND = YES;
				GCC_C_LANGUAGE_STANDARD = gnu11;
				GCC_NO_COMMON_BLOCKS = YES;
				GCC_WARN_64_TO_32_BIT_CONVERSION = YES;
				GCC_WARN_ABOUT_RETURN_TYPE = YES_ERROR;
				GCC_WARN_UNDECLARED_SELECTOR = YES;
				GCC_WARN_UNINITIALIZED_AUTOS = YES_AGGRESSIVE;
				GCC_WARN_UNUSED_FUNCTION = YES;
				GCC_WARN_UNUSED_VARIABLE = YES;
				IPHONEOS_DEPLOYMENT_TARGET = 14.4;
				MTL_ENABLE_DEBUG_INFO = NO;
				MTL_FAST_MATH = YES;
				SDKROOT = iphoneos;
				SWIFT_COMPILATION_MODE = wholemodule;
				SWIFT_OPTIMIZATION_LEVEL = "-O";
				VALIDATE_PRODUCT = YES;
			};
			name = Release;
		};
		42929141260F5C5D0062DD4D /* Debug */ = {
			isa = XCBuildConfiguration;
			baseConfigurationReference = 62370312E227E6F3539D3110 /* Pods-Batman.debug.xcconfig */;
			buildSettings = {
				ASSETCATALOG_COMPILER_APPICON_NAME = AppIcon;
				ASSETCATALOG_COMPILER_GLOBAL_ACCENT_COLOR_NAME = AccentColor;
				CODE_SIGN_STYLE = Automatic;
				DEVELOPMENT_TEAM = 28WCCR4442;
				INFOPLIST_FILE = Batman/Info.plist;
				IPHONEOS_DEPLOYMENT_TARGET = 13.0;
				LD_RUNPATH_SEARCH_PATHS = (
					"$(inherited)",
					"@executable_path/Frameworks",
				);
				PRODUCT_BUNDLE_IDENTIFIER = com.peter.BatmanCarbon;
				PRODUCT_NAME = "$(TARGET_NAME)";
				SWIFT_VERSION = 5.0;
				TARGETED_DEVICE_FAMILY = "1,2";
			};
			name = Debug;
		};
		42929142260F5C5D0062DD4D /* Release */ = {
			isa = XCBuildConfiguration;
			baseConfigurationReference = FE05A8631F978CBC22FA2F83 /* Pods-Batman.release.xcconfig */;
			buildSettings = {
				ASSETCATALOG_COMPILER_APPICON_NAME = AppIcon;
				ASSETCATALOG_COMPILER_GLOBAL_ACCENT_COLOR_NAME = AccentColor;
				CODE_SIGN_STYLE = Automatic;
				DEVELOPMENT_TEAM = 28WCCR4442;
				INFOPLIST_FILE = Batman/Info.plist;
				IPHONEOS_DEPLOYMENT_TARGET = 13.0;
				LD_RUNPATH_SEARCH_PATHS = (
					"$(inherited)",
					"@executable_path/Frameworks",
				);
				PRODUCT_BUNDLE_IDENTIFIER = com.peter.BatmanCarbon;
				PRODUCT_NAME = "$(TARGET_NAME)";
				SWIFT_VERSION = 5.0;
				TARGETED_DEVICE_FAMILY = "1,2";
			};
			name = Release;
		};
		42929144260F5C5D0062DD4D /* Debug */ = {
			isa = XCBuildConfiguration;
			baseConfigurationReference = FB83201826B2F014773BBEA7 /* Pods-BatmanTests.debug.xcconfig */;
			buildSettings = {
				ALWAYS_EMBED_SWIFT_STANDARD_LIBRARIES = YES;
				BUNDLE_LOADER = "$(TEST_HOST)";
				CODE_SIGN_STYLE = Automatic;
				INFOPLIST_FILE = BatmanTests/Info.plist;
				IPHONEOS_DEPLOYMENT_TARGET = 14.4;
				LD_RUNPATH_SEARCH_PATHS = (
					"$(inherited)",
					"@executable_path/Frameworks",
					"@loader_path/Frameworks",
				);
				PRODUCT_BUNDLE_IDENTIFIER = com.peter.BatmanTests;
				PRODUCT_NAME = "$(TARGET_NAME)";
				SWIFT_VERSION = 5.0;
				TARGETED_DEVICE_FAMILY = "1,2";
				TEST_HOST = "$(BUILT_PRODUCTS_DIR)/Batman.app/Batman";
			};
			name = Debug;
		};
		42929145260F5C5D0062DD4D /* Release */ = {
			isa = XCBuildConfiguration;
			baseConfigurationReference = 6167DBDAFC709E20356A1CEF /* Pods-BatmanTests.release.xcconfig */;
			buildSettings = {
				ALWAYS_EMBED_SWIFT_STANDARD_LIBRARIES = YES;
				BUNDLE_LOADER = "$(TEST_HOST)";
				CODE_SIGN_STYLE = Automatic;
				INFOPLIST_FILE = BatmanTests/Info.plist;
				IPHONEOS_DEPLOYMENT_TARGET = 14.4;
				LD_RUNPATH_SEARCH_PATHS = (
					"$(inherited)",
					"@executable_path/Frameworks",
					"@loader_path/Frameworks",
				);
				PRODUCT_BUNDLE_IDENTIFIER = com.peter.BatmanTests;
				PRODUCT_NAME = "$(TARGET_NAME)";
				SWIFT_VERSION = 5.0;
				TARGETED_DEVICE_FAMILY = "1,2";
				TEST_HOST = "$(BUILT_PRODUCTS_DIR)/Batman.app/Batman";
			};
			name = Release;
		};
		42929147260F5C5D0062DD4D /* Debug */ = {
			isa = XCBuildConfiguration;
			baseConfigurationReference = 054D0F35A8D97F329DA5BCC4 /* Pods-Batman-BatmanUITests.debug.xcconfig */;
			buildSettings = {
				ALWAYS_EMBED_SWIFT_STANDARD_LIBRARIES = YES;
				CODE_SIGN_STYLE = Automatic;
				INFOPLIST_FILE = BatmanUITests/Info.plist;
				LD_RUNPATH_SEARCH_PATHS = (
					"$(inherited)",
					"@executable_path/Frameworks",
					"@loader_path/Frameworks",
				);
				PRODUCT_BUNDLE_IDENTIFIER = com.peter.BatmanUITests;
				PRODUCT_NAME = "$(TARGET_NAME)";
				SWIFT_VERSION = 5.0;
				TARGETED_DEVICE_FAMILY = "1,2";
				TEST_TARGET_NAME = Batman;
			};
			name = Debug;
		};
		42929148260F5C5D0062DD4D /* Release */ = {
			isa = XCBuildConfiguration;
			baseConfigurationReference = 5A0FA30DF36BE10E56105C87 /* Pods-Batman-BatmanUITests.release.xcconfig */;
			buildSettings = {
				ALWAYS_EMBED_SWIFT_STANDARD_LIBRARIES = YES;
				CODE_SIGN_STYLE = Automatic;
				INFOPLIST_FILE = BatmanUITests/Info.plist;
				LD_RUNPATH_SEARCH_PATHS = (
					"$(inherited)",
					"@executable_path/Frameworks",
					"@loader_path/Frameworks",
				);
				PRODUCT_BUNDLE_IDENTIFIER = com.peter.BatmanUITests;
				PRODUCT_NAME = "$(TARGET_NAME)";
				SWIFT_VERSION = 5.0;
				TARGETED_DEVICE_FAMILY = "1,2";
				TEST_TARGET_NAME = Batman;
			};
			name = Release;
		};
/* End XCBuildConfiguration section */

/* Begin XCConfigurationList section */
		42929111260F5C580062DD4D /* Build configuration list for PBXProject "Batman" */ = {
			isa = XCConfigurationList;
			buildConfigurations = (
				4292913E260F5C5D0062DD4D /* Debug */,
				4292913F260F5C5D0062DD4D /* Release */,
			);
			defaultConfigurationIsVisible = 0;
			defaultConfigurationName = Release;
		};
		42929140260F5C5D0062DD4D /* Build configuration list for PBXNativeTarget "Batman" */ = {
			isa = XCConfigurationList;
			buildConfigurations = (
				42929141260F5C5D0062DD4D /* Debug */,
				42929142260F5C5D0062DD4D /* Release */,
			);
			defaultConfigurationIsVisible = 0;
			defaultConfigurationName = Release;
		};
		42929143260F5C5D0062DD4D /* Build configuration list for PBXNativeTarget "BatmanTests" */ = {
			isa = XCConfigurationList;
			buildConfigurations = (
				42929144260F5C5D0062DD4D /* Debug */,
				42929145260F5C5D0062DD4D /* Release */,
			);
			defaultConfigurationIsVisible = 0;
			defaultConfigurationName = Release;
		};
		42929146260F5C5D0062DD4D /* Build configuration list for PBXNativeTarget "BatmanUITests" */ = {
			isa = XCConfigurationList;
			buildConfigurations = (
				42929147260F5C5D0062DD4D /* Debug */,
				42929148260F5C5D0062DD4D /* Release */,
			);
			defaultConfigurationIsVisible = 0;
			defaultConfigurationName = Release;
		};
/* End XCConfigurationList section */
	};
	rootObject = 4292910E260F5C580062DD4D /* Project object */;
}
